// !$*UTF8*$!
{
	archiveVersion = 1;
	classes = {
	};
	objectVersion = 46;
	objects = {

/* Begin PBXBuildFile section */
		C2901A22155B1F3700F1D023 /* Contato.m in Sources */ = {isa = PBXBuildFile; fileRef = C2901A21155B1F3700F1D023 /* Contato.m */; };
		C2901A28155B254900F1D023 /* FormularioContatoControllerViewController.m in Sources */ = {isa = PBXBuildFile; fileRef = C2901A26155B254900F1D023 /* FormularioContatoControllerViewController.m */; };
		C2901A29155B254900F1D023 /* FormularioContatoControllerViewController.xib in Resources */ = {isa = PBXBuildFile; fileRef = C2901A27155B254900F1D023 /* FormularioContatoControllerViewController.xib */; };
		C29529BE1559CCD8009F3556 /* UIKit.framework in Frameworks */ = {isa = PBXBuildFile; fileRef = C29529BD1559CCD8009F3556 /* UIKit.framework */; };
		C29529C01559CCD8009F3556 /* Foundation.framework in Frameworks */ = {isa = PBXBuildFile; fileRef = C29529BF1559CCD8009F3556 /* Foundation.framework */; };
		C29529C21559CCD8009F3556 /* CoreGraphics.framework in Frameworks */ = {isa = PBXBuildFile; fileRef = C29529C11559CCD8009F3556 /* CoreGraphics.framework */; };
		C29529C81559CCD8009F3556 /* InfoPlist.strings in Resources */ = {isa = PBXBuildFile; fileRef = C29529C61559CCD8009F3556 /* InfoPlist.strings */; };
		C29529CA1559CCD8009F3556 /* main.m in Sources */ = {isa = PBXBuildFile; fileRef = C29529C91559CCD8009F3556 /* main.m */; };
		C29529CE1559CCD8009F3556 /* AppDelegate.m in Sources */ = {isa = PBXBuildFile; fileRef = C29529CD1559CCD8009F3556 /* AppDelegate.m */; };
		C29529E11559D068009F3556 /* ViewController.m in Sources */ = {isa = PBXBuildFile; fileRef = C29529DF1559D068009F3556 /* ViewController.m */; };
		C29529E21559D068009F3556 /* ViewController.xib in Resources */ = {isa = PBXBuildFile; fileRef = C29529E01559D068009F3556 /* ViewController.xib */; };
		C29529E51559EC6A009F3556 /* contatos.plist in Resources */ = {isa = PBXBuildFile; fileRef = C29529E31559EC6A009F3556 /* contatos.plist */; };
/* End PBXBuildFile section */

/* Begin PBXFileReference section */
		C2901A20155B1F3700F1D023 /* Contato.h */ = {isa = PBXFileReference; fileEncoding = 4; lastKnownFileType = sourcecode.c.h; path = Contato.h; sourceTree = "<group>"; };
		C2901A21155B1F3700F1D023 /* Contato.m */ = {isa = PBXFileReference; fileEncoding = 4; lastKnownFileType = sourcecode.c.objc; path = Contato.m; sourceTree = "<group>"; };
		C2901A25155B254900F1D023 /* FormularioContatoControllerViewController.h */ = {isa = PBXFileReference; fileEncoding = 4; lastKnownFileType = sourcecode.c.h; path = FormularioContatoControllerViewController.h; sourceTree = "<group>"; };
		C2901A26155B254900F1D023 /* FormularioContatoControllerViewController.m */ = {isa = PBXFileReference; fileEncoding = 4; lastKnownFileType = sourcecode.c.objc; path = FormularioContatoControllerViewController.m; sourceTree = "<group>"; };
		C2901A27155B254900F1D023 /* FormularioContatoControllerViewController.xib */ = {isa = PBXFileReference; fileEncoding = 4; lastKnownFileType = file.xib; path = FormularioContatoControllerViewController.xib; sourceTree = "<group>"; };
		C2901A2A155B3B9600F1D023 /* ContatoProtocol.h */ = {isa = PBXFileReference; lastKnownFileType = sourcecode.c.h; path = ContatoProtocol.h; sourceTree = "<group>"; };
		C29529B91559CCD8009F3556 /* FirstContacts.app */ = {isa = PBXFileReference; explicitFileType = wrapper.application; includeInIndex = 0; path = FirstContacts.app; sourceTree = BUILT_PRODUCTS_DIR; };
		C29529BD1559CCD8009F3556 /* UIKit.framework */ = {isa = PBXFileReference; lastKnownFileType = wrapper.framework; name = UIKit.framework; path = System/Library/Frameworks/UIKit.framework; sourceTree = SDKROOT; };
		C29529BF1559CCD8009F3556 /* Foundation.framework */ = {isa = PBXFileReference; lastKnownFileType = wrapper.framework; name = Foundation.framework; path = System/Library/Frameworks/Foundation.framework; sourceTree = SDKROOT; };
		C29529C11559CCD8009F3556 /* CoreGraphics.framework */ = {isa = PBXFileReference; lastKnownFileType = wrapper.framework; name = CoreGraphics.framework; path = System/Library/Frameworks/CoreGraphics.framework; sourceTree = SDKROOT; };
		C29529C51559CCD8009F3556 /* FirstContacts-Info.plist */ = {isa = PBXFileReference; lastKnownFileType = text.plist.xml; path = "FirstContacts-Info.plist"; sourceTree = "<group>"; };
		C29529C71559CCD8009F3556 /* en */ = {isa = PBXFileReference; lastKnownFileType = text.plist.strings; name = en; path = en.lproj/InfoPlist.strings; sourceTree = "<group>"; };
		C29529C91559CCD8009F3556 /* main.m */ = {isa = PBXFileReference; lastKnownFileType = sourcecode.c.objc; path = main.m; sourceTree = "<group>"; };
		C29529CB1559CCD8009F3556 /* FirstContacts-Prefix.pch */ = {isa = PBXFileReference; lastKnownFileType = sourcecode.c.h; path = "FirstContacts-Prefix.pch"; sourceTree = "<group>"; };
		C29529CC1559CCD8009F3556 /* AppDelegate.h */ = {isa = PBXFileReference; lastKnownFileType = sourcecode.c.h; path = AppDelegate.h; sourceTree = "<group>"; };
		C29529CD1559CCD8009F3556 /* AppDelegate.m */ = {isa = PBXFileReference; lastKnownFileType = sourcecode.c.objc; path = AppDelegate.m; sourceTree = "<group>"; };
		C29529DE1559D068009F3556 /* ViewController.h */ = {isa = PBXFileReference; fileEncoding = 4; lastKnownFileType = sourcecode.c.h; name = ViewController.h; path = ../ViewController.h; sourceTree = "<group>"; };
		C29529DF1559D068009F3556 /* ViewController.m */ = {isa = PBXFileReference; fileEncoding = 4; lastKnownFileType = sourcecode.c.objc; name = ViewController.m; path = ../ViewController.m; sourceTree = "<group>"; };
		C29529E01559D068009F3556 /* ViewController.xib */ = {isa = PBXFileReference; fileEncoding = 4; lastKnownFileType = file.xib; name = ViewController.xib; path = ../ViewController.xib; sourceTree = "<group>"; };
		C29529E41559EC6A009F3556 /* en */ = {isa = PBXFileReference; lastKnownFileType = text.plist.xml; name = en; path = en.lproj/contatos.plist; sourceTree = "<group>"; };
/* End PBXFileReference section */

/* Begin PBXFrameworksBuildPhase section */
		C29529B61559CCD8009F3556 /* Frameworks */ = {
			isa = PBXFrameworksBuildPhase;
			buildActionMask = 2147483647;
			files = (
				C29529BE1559CCD8009F3556 /* UIKit.framework in Frameworks */,
				C29529C01559CCD8009F3556 /* Foundation.framework in Frameworks */,
				C29529C21559CCD8009F3556 /* CoreGraphics.framework in Frameworks */,
			);
			runOnlyForDeploymentPostprocessing = 0;
		};
/* End PBXFrameworksBuildPhase section */

/* Begin PBXGroup section */
		C2901A24155B224800F1D023 /* Modelo */ = {
			isa = PBXGroup;
			children = (
				C2901A20155B1F3700F1D023 /* Contato.h */,
				C2901A21155B1F3700F1D023 /* Contato.m */,
			);
			name = Modelo;
			sourceTree = "<group>";
		};
		C2901A2B155B3B9900F1D023 /* Protocols */ = {
			isa = PBXGroup;
			children = (
				C2901A2A155B3B9600F1D023 /* ContatoProtocol.h */,
			);
			name = Protocols;
			sourceTree = "<group>";
		};
		C29529AE1559CCD8009F3556 = {
			isa = PBXGroup;
			children = (
				C29529C31559CCD8009F3556 /* FirstContacts */,
				C29529BC1559CCD8009F3556 /* Frameworks */,
				C29529BA1559CCD8009F3556 /* Products */,
			);
			sourceTree = "<group>";
		};
		C29529BA1559CCD8009F3556 /* Products */ = {
			isa = PBXGroup;
			children = (
				C29529B91559CCD8009F3556 /* FirstContacts.app */,
			);
			name = Products;
			sourceTree = "<group>";
		};
		C29529BC1559CCD8009F3556 /* Frameworks */ = {
			isa = PBXGroup;
			children = (
				C29529BD1559CCD8009F3556 /* UIKit.framework */,
				C29529BF1559CCD8009F3556 /* Foundation.framework */,
				C29529C11559CCD8009F3556 /* CoreGraphics.framework */,
			);
			name = Frameworks;
			sourceTree = "<group>";
		};
		C29529C31559CCD8009F3556 /* FirstContacts */ = {
			isa = PBXGroup;
			children = (
				C29529DE1559D068009F3556 /* ViewController.h */,
				C29529DF1559D068009F3556 /* ViewController.m */,
				C29529E01559D068009F3556 /* ViewController.xib */,
				C29529CC1559CCD8009F3556 /* AppDelegate.h */,
				C29529CD1559CCD8009F3556 /* AppDelegate.m */,
				C2901A25155B254900F1D023 /* FormularioContatoControllerViewController.h */,
				C2901A26155B254900F1D023 /* FormularioContatoControllerViewController.m */,
				C2901A27155B254900F1D023 /* FormularioContatoControllerViewController.xib */,
				C29529C41559CCD8009F3556 /* Supporting Files */,
				C2901A2B155B3B9900F1D023 /* Protocols */,
				C2901A24155B224800F1D023 /* Modelo */,
			);
			path = FirstContacts;
			sourceTree = "<group>";
		};
		C29529C41559CCD8009F3556 /* Supporting Files */ = {
			isa = PBXGroup;
			children = (
				C29529E31559EC6A009F3556 /* contatos.plist */,
				C29529C51559CCD8009F3556 /* FirstContacts-Info.plist */,
				C29529C61559CCD8009F3556 /* InfoPlist.strings */,
				C29529C91559CCD8009F3556 /* main.m */,
				C29529CB1559CCD8009F3556 /* FirstContacts-Prefix.pch */,
			);
			name = "Supporting Files";
			sourceTree = "<group>";
		};
/* End PBXGroup section */

/* Begin PBXNativeTarget section */
		C29529B81559CCD8009F3556 /* FirstContacts */ = {
			isa = PBXNativeTarget;
			buildConfigurationList = C29529D11559CCD8009F3556 /* Build configuration list for PBXNativeTarget "FirstContacts" */;
			buildPhases = (
				C29529B51559CCD8009F3556 /* Sources */,
				C29529B61559CCD8009F3556 /* Frameworks */,
				C29529B71559CCD8009F3556 /* Resources */,
			);
			buildRules = (
			);
			dependencies = (
			);
			name = FirstContacts;
			productName = FirstContacts;
			productReference = C29529B91559CCD8009F3556 /* FirstContacts.app */;
			productType = "com.apple.product-type.application";
		};
/* End PBXNativeTarget section */

/* Begin PBXProject section */
		C29529B01559CCD8009F3556 /* Project object */ = {
			isa = PBXProject;
			attributes = {
				LastUpgradeCheck = 0430;
			};
			buildConfigurationList = C29529B31559CCD8009F3556 /* Build configuration list for PBXProject "FirstContacts" */;
			compatibilityVersion = "Xcode 3.2";
			developmentRegion = English;
			hasScannedForEncodings = 0;
			knownRegions = (
				en,
			);
			mainGroup = C29529AE1559CCD8009F3556;
			productRefGroup = C29529BA1559CCD8009F3556 /* Products */;
			projectDirPath = "";
			projectRoot = "";
			targets = (
				C29529B81559CCD8009F3556 /* FirstContacts */,
			);
		};
/* End PBXProject section */

/* Begin PBXResourcesBuildPhase section */
		C29529B71559CCD8009F3556 /* Resources */ = {
			isa = PBXResourcesBuildPhase;
			buildActionMask = 2147483647;
			files = (
				C29529C81559CCD8009F3556 /* InfoPlist.strings in Resources */,
				C29529E21559D068009F3556 /* ViewController.xib in Resources */,
				C29529E51559EC6A009F3556 /* contatos.plist in Resources */,
				C2901A29155B254900F1D023 /* FormularioContatoControllerViewController.xib in Resources */,
			);
			runOnlyForDeploymentPostprocessing = 0;
		};
/* End PBXResourcesBuildPhase section */

/* Begin PBXSourcesBuildPhase section */
		C29529B51559CCD8009F3556 /* Sources */ = {
			isa = PBXSourcesBuildPhase;
			buildActionMask = 2147483647;
			files = (
				C29529CA1559CCD8009F3556 /* main.m in Sources */,
				C29529CE1559CCD8009F3556 /* AppDelegate.m in Sources */,
				C29529E11559D068009F3556 /* ViewController.m in Sources */,
				C2901A22155B1F3700F1D023 /* Contato.m in Sources */,
				C2901A28155B254900F1D023 /* FormularioContatoControllerViewController.m in Sources */,
			);
			runOnlyForDeploymentPostprocessing = 0;
		};
/* End PBXSourcesBuildPhase section */

/* Begin PBXVariantGroup section */
		C29529C61559CCD8009F3556 /* InfoPlist.strings */ = {
			isa = PBXVariantGroup;
			children = (
				C29529C71559CCD8009F3556 /* en */,
			);
			name = InfoPlist.strings;
			sourceTree = "<group>";
		};
		C29529E31559EC6A009F3556 /* contatos.plist */ = {
			isa = PBXVariantGroup;
			children = (
				C29529E41559EC6A009F3556 /* en */,
			);
			name = contatos.plist;
			sourceTree = "<group>";
		};
/* End PBXVariantGroup section */

/* Begin XCBuildConfiguration section */
		C29529CF1559CCD8009F3556 /* Debug */ = {
			isa = XCBuildConfiguration;
			buildSettings = {
				ALWAYS_SEARCH_USER_PATHS = NO;
				ARCHS = "$(ARCHS_STANDARD_32_BIT)";
				CLANG_ENABLE_OBJC_ARC = YES;
				"CODE_SIGN_IDENTITY[sdk=iphoneos*]" = "iPhone Developer";
				COPY_PHASE_STRIP = NO;
				GCC_C_LANGUAGE_STANDARD = gnu99;
				GCC_DYNAMIC_NO_PIC = NO;
				GCC_OPTIMIZATION_LEVEL = 0;
				GCC_PREPROCESSOR_DEFINITIONS = (
					"DEBUG=1",
					"$(inherited)",
				);
				GCC_SYMBOLS_PRIVATE_EXTERN = NO;
				GCC_VERSION = com.apple.compilers.llvm.clang.1_0;
				GCC_WARN_ABOUT_RETURN_TYPE = YES;
				GCC_WARN_UNINITIALIZED_AUTOS = YES;
				GCC_WARN_UNUSED_VARIABLE = YES;
				IPHONEOS_DEPLOYMENT_TARGET = 5.1;
				SDKROOT = iphoneos;
			};
			name = Debug;
		};
		C29529D01559CCD8009F3556 /* Release */ = {
			isa = XCBuildConfiguration;
			buildSettings = {
				ALWAYS_SEARCH_USER_PATHS = NO;
				ARCHS = "$(ARCHS_STANDARD_32_BIT)";
				CLANG_ENABLE_OBJC_ARC = YES;
				"CODE_SIGN_IDENTITY[sdk=iphoneos*]" = "iPhone Developer";
				COPY_PHASE_STRIP = YES;
				GCC_C_LANGUAGE_STANDARD = gnu99;
				GCC_VERSION = com.apple.compilers.llvm.clang.1_0;
				GCC_WARN_ABOUT_RETURN_TYPE = YES;
				GCC_WARN_UNINITIALIZED_AUTOS = YES;
				GCC_WARN_UNUSED_VARIABLE = YES;
				IPHONEOS_DEPLOYMENT_TARGET = 5.1;
				OTHER_CFLAGS = "-DNS_BLOCK_ASSERTIONS=1";
				SDKROOT = iphoneos;
				VALIDATE_PRODUCT = YES;
			};
			name = Release;
		};
		C29529D21559CCD8009F3556 /* Debug */ = {
			isa = XCBuildConfiguration;
			buildSettings = {
				GCC_PRECOMPILE_PREFIX_HEADER = YES;
				GCC_PREFIX_HEADER = "FirstContacts/FirstContacts-Prefix.pch";
				INFOPLIST_FILE = "FirstContacts/FirstContacts-Info.plist";
				PRODUCT_NAME = "$(TARGET_NAME)";
				WRAPPER_EXTENSION = app;
			};
			name = Debug;
		};
		C29529D31559CCD8009F3556 /* Release */ = {
			isa = XCBuildConfiguration;
			buildSettings = {
				GCC_PRECOMPILE_PREFIX_HEADER = YES;
				GCC_PREFIX_HEADER = "FirstContacts/FirstContacts-Prefix.pch";
				INFOPLIST_FILE = "FirstContacts/FirstContacts-Info.plist";
				PRODUCT_NAME = "$(TARGET_NAME)";
				WRAPPER_EXTENSION = app;
			};
			name = Release;
		};
/* End XCBuildConfiguration section */

/* Begin XCConfigurationList section */
		C29529B31559CCD8009F3556 /* Build configuration list for PBXProject "FirstContacts" */ = {
			isa = XCConfigurationList;
			buildConfigurations = (
				C29529CF1559CCD8009F3556 /* Debug */,
				C29529D01559CCD8009F3556 /* Release */,
			);
			defaultConfigurationIsVisible = 0;
			defaultConfigurationName = Release;
		};
		C29529D11559CCD8009F3556 /* Build configuration list for PBXNativeTarget "FirstContacts" */ = {
			isa = XCConfigurationList;
			buildConfigurations = (
				C29529D21559CCD8009F3556 /* Debug */,
				C29529D31559CCD8009F3556 /* Release */,
			);
			defaultConfigurationIsVisible = 0;
			defaultConfigurationName = Release;
		};
/* End XCConfigurationList section */
	};
	rootObject = C29529B01559CCD8009F3556 /* Project object */;
}
